
Microsoft Visual Studio Solution File, Format Version 12.00
# Visual Studio Version 17
VisualStudioVersion = 17.1.32328.378
MinimumVisualStudioVersion = 10.0.40219.1
Project("{FAE04EC0-301F-11D3-BF4B-00C04F79EFBC}") = "SeleniumMail", "SeleniumMail\SeleniumMail.csproj", "{A2B6CDC7-FA38-4CBB-88C3-8A10D6DC6E0E}"
EndProject
Project("{FAE04EC0-301F-11D3-BF4B-00C04F79EFBC}") = "TestSeleniumMail", "TestSeleniumMail\TestSeleniumMail.csproj", "{F1CEC829-C533-472B-9956-5DC4DE6E3C23}"
EndProject
Global
	GlobalSection(SolutionConfigurationPlatforms) = preSolution
		Debug|Any CPU = Debug|Any CPU
		Release|Any CPU = Release|Any CPU
	EndGlobalSection
	GlobalSection(ProjectConfigurationPlatforms) = postSolution
		{A2B6CDC7-FA38-4CBB-88C3-8A10D6DC6E0E}.Debug|Any CPU.ActiveCfg = Debug|Any CPU
		{A2B6CDC7-FA38-4CBB-88C3-8A10D6DC6E0E}.Debug|Any CPU.Build.0 = Debug|Any CPU
		{A2B6CDC7-FA38-4CBB-88C3-8A10D6DC6E0E}.Release|Any CPU.ActiveCfg = Release|Any CPU
		{A2B6CDC7-FA38-4CBB-88C3-8A10D6DC6E0E}.Release|Any CPU.Build.0 = Release|Any CPU
		{F1CEC829-C533-472B-9956-5DC4DE6E3C23}.Debug|Any CPU.ActiveCfg = Debug|Any CPU
		{F1CEC829-C533-472B-9956-5DC4DE6E3C23}.Debug|Any CPU.Build.0 = Debug|Any CPU
		{F1CEC829-C533-472B-9956-5DC4DE6E3C23}.Release|Any CPU.ActiveCfg = Release|Any CPU
		{F1CEC829-C533-472B-9956-5DC4DE6E3C23}.Release|Any CPU.Build.0 = Release|Any CPU
	EndGlobalSection
	GlobalSection(SolutionProperties) = preSolution
		HideSolutionNode = FALSE
	EndGlobalSection
	GlobalSection(ExtensibilityGlobals) = postSolution
		SolutionGuid = {A1FB403F-41BE-4A6E-ACBC-246795F948F1}
	EndGlobalSection
EndGlobal
